
Microsoft Visual Studio Solution File, Format Version 12.00
# Visual Studio 15
VisualStudioVersion = 15.0.27703.2035
MinimumVisualStudioVersion = 10.0.40219.1
Project("{9A19103F-16F7-4668-BE54-9A1E7A4F7556}") = "NetCore.HashiCorp.Vault", "src\NetCore.HashiCorp.Vault\NetCore.HashiCorp.Vault.csproj", "{CEA64B62-601B-434F-9CF4-47C668E2B788}"
EndProject
Project("{9A19103F-16F7-4668-BE54-9A1E7A4F7556}") = "XUnitTests", "tests\XUnitTests.csproj", "{40B8B045-5C32-4BA4-B722-F34F460DE8D6}"
EndProject
Project("{E53339B2-1760-4266-BCC7-CA923CBCF16C}") = "docker-compose", "docker-compose.dcproj", "{7EBCBD9D-50D0-4365-B73B-355D71664F10}"
EndProject
Project("{9A19103F-16F7-4668-BE54-9A1E7A4F7556}") = "WebApp", "src\WebApp\WebApp.csproj", "{66892067-C391-4B0D-BF28-E6ADBEE6E175}"
EndProject
Project("{FAE04EC0-301F-11D3-BF4B-00C04F79EFBC}") = "ConsoleApp", "src\ConsoleApp\ConsoleApp.csproj", "{C84ECEAC-D1F9-4339-8419-20C45E06244F}"
EndProject
Global
	GlobalSection(SolutionConfigurationPlatforms) = preSolution
		Debug|Any CPU = Debug|Any CPU
		Release|Any CPU = Release|Any CPU
	EndGlobalSection
	GlobalSection(ProjectConfigurationPlatforms) = postSolution
		{CEA64B62-601B-434F-9CF4-47C668E2B788}.Debug|Any CPU.ActiveCfg = Debug|Any CPU
		{CEA64B62-601B-434F-9CF4-47C668E2B788}.Debug|Any CPU.Build.0 = Debug|Any CPU
		{CEA64B62-601B-434F-9CF4-47C668E2B788}.Release|Any CPU.ActiveCfg = Release|Any CPU
		{CEA64B62-601B-434F-9CF4-47C668E2B788}.Release|Any CPU.Build.0 = Release|Any CPU
		{40B8B045-5C32-4BA4-B722-F34F460DE8D6}.Debug|Any CPU.ActiveCfg = Debug|Any CPU
		{40B8B045-5C32-4BA4-B722-F34F460DE8D6}.Debug|Any CPU.Build.0 = Debug|Any CPU
		{40B8B045-5C32-4BA4-B722-F34F460DE8D6}.Release|Any CPU.ActiveCfg = Release|Any CPU
		{40B8B045-5C32-4BA4-B722-F34F460DE8D6}.Release|Any CPU.Build.0 = Release|Any CPU
		{7EBCBD9D-50D0-4365-B73B-355D71664F10}.Debug|Any CPU.ActiveCfg = Debug|Any CPU
		{7EBCBD9D-50D0-4365-B73B-355D71664F10}.Debug|Any CPU.Build.0 = Debug|Any CPU
		{7EBCBD9D-50D0-4365-B73B-355D71664F10}.Release|Any CPU.ActiveCfg = Release|Any CPU
		{7EBCBD9D-50D0-4365-B73B-355D71664F10}.Release|Any CPU.Build.0 = Release|Any CPU
		{66892067-C391-4B0D-BF28-E6ADBEE6E175}.Debug|Any CPU.ActiveCfg = Debug|Any CPU
		{66892067-C391-4B0D-BF28-E6ADBEE6E175}.Debug|Any CPU.Build.0 = Debug|Any CPU
		{66892067-C391-4B0D-BF28-E6ADBEE6E175}.Release|Any CPU.ActiveCfg = Release|Any CPU
		{66892067-C391-4B0D-BF28-E6ADBEE6E175}.Release|Any CPU.Build.0 = Release|Any CPU
		{C84ECEAC-D1F9-4339-8419-20C45E06244F}.Debug|Any CPU.ActiveCfg = Debug|Any CPU
		{C84ECEAC-D1F9-4339-8419-20C45E06244F}.Debug|Any CPU.Build.0 = Debug|Any CPU
		{C84ECEAC-D1F9-4339-8419-20C45E06244F}.Release|Any CPU.ActiveCfg = Release|Any CPU
		{C84ECEAC-D1F9-4339-8419-20C45E06244F}.Release|Any CPU.Build.0 = Release|Any CPU
	EndGlobalSection
	GlobalSection(SolutionProperties) = preSolution
		HideSolutionNode = FALSE
	EndGlobalSection
	GlobalSection(ExtensibilityGlobals) = postSolution
		SolutionGuid = {1B4696A9-F07F-4F5B-98D8-9589908EBB02}
	EndGlobalSection
EndGlobal
